
Microsoft Visual Studio Solution File, Format Version 12.00
# Visual Studio Version 17
VisualStudioVersion = 17.10.35004.147
MinimumVisualStudioVersion = 10.0.40219.1
Project("{9A19103F-16F7-4668-BE54-9A1E7A4F7556}") = "Hwa_TwoFactorAuth_WebApp_Demo", "Hwa_TwoFactorAuth_WebApp_Demo\Hwa_TwoFactorAuth_WebApp_Demo.csproj", "{7233D022-04B6-4195-96FC-1B1E2CE70D01}"
EndProject
Project("{9A19103F-16F7-4668-BE54-9A1E7A4F7556}") = "TwoFactAuth_WebApi", "TwoFactAuth_WebApi\TwoFactAuth_WebApi.csproj", "{640D4BEC-5483-433F-B775-034A0A2B62C4}"
EndProject
Global
	GlobalSection(SolutionConfigurationPlatforms) = preSolution
		Debug|Any CPU = Debug|Any CPU
		Release|Any CPU = Release|Any CPU
	EndGlobalSection
	GlobalSection(ProjectConfigurationPlatforms) = postSolution
		{7233D022-04B6-4195-96FC-1B1E2CE70D01}.Debug|Any CPU.ActiveCfg = Debug|Any CPU
		{7233D022-04B6-4195-96FC-1B1E2CE70D01}.Debug|Any CPU.Build.0 = Debug|Any CPU
		{7233D022-04B6-4195-96FC-1B1E2CE70D01}.Release|Any CPU.ActiveCfg = Release|Any CPU
		{7233D022-04B6-4195-96FC-1B1E2CE70D01}.Release|Any CPU.Build.0 = Release|Any CPU
		{640D4BEC-5483-433F-B775-034A0A2B62C4}.Debug|Any CPU.ActiveCfg = Debug|Any CPU
		{640D4BEC-5483-433F-B775-034A0A2B62C4}.Debug|Any CPU.Build.0 = Debug|Any CPU
		{640D4BEC-5483-433F-B775-034A0A2B62C4}.Release|Any CPU.ActiveCfg = Release|Any CPU
		{640D4BEC-5483-433F-B775-034A0A2B62C4}.Release|Any CPU.Build.0 = Release|Any CPU
	EndGlobalSection
	GlobalSection(SolutionProperties) = preSolution
		HideSolutionNode = FALSE
	EndGlobalSection
	GlobalSection(ExtensibilityGlobals) = postSolution
		SolutionGuid = {01503D95-D741-403F-A661-79B1DD3C9642}
	EndGlobalSection
EndGlobal
